
Microsoft Visual Studio Solution File, Format Version 12.00
# Visual Studio Version 17
VisualStudioVersion = 17.6.33815.320
MinimumVisualStudioVersion = 10.0.40219.1
Project("{9A19103F-16F7-4668-BE54-9A1E7A4F7556}") = "Restarunt", "Restarunt\Restarunt.csproj", "{F7D67D0A-C5EC-4C36-A313-A1F0E4B0277E}"
EndProject
Project("{9A19103F-16F7-4668-BE54-9A1E7A4F7556}") = "Restarunt.common", "Restarunt.common\Restarunt.common.csproj", "{ACBB5202-912A-40B2-8890-C4DB420F79F3}"
EndProject
Project("{9A19103F-16F7-4668-BE54-9A1E7A4F7556}") = "Restarunt.Dao", "Restarunt.Dao\Restarunt.Dao.csproj", "{20FB78F2-5B66-44B7-AA82-594EC8131ED4}"
EndProject
Project("{9A19103F-16F7-4668-BE54-9A1E7A4F7556}") = "Restarunt.Services", "Restarunt.Services\Restarunt.Services.csproj", "{FD2A0064-A4F7-4EBD-AFA2-65B2D4CDA4E3}"
EndProject
Global
	GlobalSection(SolutionConfigurationPlatforms) = preSolution
		Debug|Any CPU = Debug|Any CPU
		Release|Any CPU = Release|Any CPU
	EndGlobalSection
	GlobalSection(ProjectConfigurationPlatforms) = postSolution
		{F7D67D0A-C5EC-4C36-A313-A1F0E4B0277E}.Debug|Any CPU.ActiveCfg = Debug|Any CPU
		{F7D67D0A-C5EC-4C36-A313-A1F0E4B0277E}.Debug|Any CPU.Build.0 = Debug|Any CPU
		{F7D67D0A-C5EC-4C36-A313-A1F0E4B0277E}.Release|Any CPU.ActiveCfg = Release|Any CPU
		{F7D67D0A-C5EC-4C36-A313-A1F0E4B0277E}.Release|Any CPU.Build.0 = Release|Any CPU
		{ACBB5202-912A-40B2-8890-C4DB420F79F3}.Debug|Any CPU.ActiveCfg = Debug|Any CPU
		{ACBB5202-912A-40B2-8890-C4DB420F79F3}.Debug|Any CPU.Build.0 = Debug|Any CPU
		{ACBB5202-912A-40B2-8890-C4DB420F79F3}.Release|Any CPU.ActiveCfg = Release|Any CPU
		{ACBB5202-912A-40B2-8890-C4DB420F79F3}.Release|Any CPU.Build.0 = Release|Any CPU
		{20FB78F2-5B66-44B7-AA82-594EC8131ED4}.Debug|Any CPU.ActiveCfg = Debug|Any CPU
		{20FB78F2-5B66-44B7-AA82-594EC8131ED4}.Debug|Any CPU.Build.0 = Debug|Any CPU
		{20FB78F2-5B66-44B7-AA82-594EC8131ED4}.Release|Any CPU.ActiveCfg = Release|Any CPU
		{20FB78F2-5B66-44B7-AA82-594EC8131ED4}.Release|Any CPU.Build.0 = Release|Any CPU
		{FD2A0064-A4F7-4EBD-AFA2-65B2D4CDA4E3}.Debug|Any CPU.ActiveCfg = Debug|Any CPU
		{FD2A0064-A4F7-4EBD-AFA2-65B2D4CDA4E3}.Debug|Any CPU.Build.0 = Debug|Any CPU
		{FD2A0064-A4F7-4EBD-AFA2-65B2D4CDA4E3}.Release|Any CPU.ActiveCfg = Release|Any CPU
		{FD2A0064-A4F7-4EBD-AFA2-65B2D4CDA4E3}.Release|Any CPU.Build.0 = Release|Any CPU
	EndGlobalSection
	GlobalSection(SolutionProperties) = preSolution
		HideSolutionNode = FALSE
	EndGlobalSection
	GlobalSection(ExtensibilityGlobals) = postSolution
		SolutionGuid = {BF700597-393F-45D8-9D37-B15F7A3F43D6}
	EndGlobalSection
EndGlobal
